// !$*UTF8*$!
{
	archiveVersion = 1;
	classes = {
	};
	objectVersion = 46;
	objects = {

/* Begin PBXBuildFile section */
		B446ADD31A1A7713007F3CD7 /* AppDelegate.swift in Sources */ = {isa = PBXBuildFile; fileRef = B446ADD21A1A7713007F3CD7 /* AppDelegate.swift */; };
		B446ADD51A1A7713007F3CD7 /* ViewController.swift in Sources */ = {isa = PBXBuildFile; fileRef = B446ADD41A1A7713007F3CD7 /* ViewController.swift */; };
		B446ADD81A1A7713007F3CD7 /* Main.storyboard in Resources */ = {isa = PBXBuildFile; fileRef = B446ADD61A1A7713007F3CD7 /* Main.storyboard */; };
		B446ADDA1A1A7713007F3CD7 /* Images.xcassets in Resources */ = {isa = PBXBuildFile; fileRef = B446ADD91A1A7713007F3CD7 /* Images.xcassets */; };
		B446ADDD1A1A7713007F3CD7 /* LaunchScreen.xib in Resources */ = {isa = PBXBuildFile; fileRef = B446ADDB1A1A7713007F3CD7 /* LaunchScreen.xib */; };
		B446ADE91A1A7713007F3CD7 /* ThaiGuideAppTests.swift in Sources */ = {isa = PBXBuildFile; fileRef = B446ADE81A1A7713007F3CD7 /* ThaiGuideAppTests.swift */; };
		B446ADF31A1A79C4007F3CD7 /* SideBarTableViewController.swift in Sources */ = {isa = PBXBuildFile; fileRef = B446ADF21A1A79C4007F3CD7 /* SideBarTableViewController.swift */; };
		B446ADF51A1A82F6007F3CD7 /* SideBar.swift in Sources */ = {isa = PBXBuildFile; fileRef = B446ADF41A1A82F6007F3CD7 /* SideBar.swift */; };
/* End PBXBuildFile section */

/* Begin PBXContainerItemProxy section */
		B446ADE31A1A7713007F3CD7 /* PBXContainerItemProxy */ = {
			isa = PBXContainerItemProxy;
			containerPortal = B446ADC51A1A7713007F3CD7 /* Project object */;
			proxyType = 1;
			remoteGlobalIDString = B446ADCC1A1A7713007F3CD7;
			remoteInfo = ThaiGuideApp;
		};
/* End PBXContainerItemProxy section */

/* Begin PBXFileReference section */
		B446ADCD1A1A7713007F3CD7 /* ThaiGuideApp.app */ = {isa = PBXFileReference; explicitFileType = wrapper.application; includeInIndex = 0; path = ThaiGuideApp.app; sourceTree = BUILT_PRODUCTS_DIR; };
		B446ADD11A1A7713007F3CD7 /* Info.plist */ = {isa = PBXFileReference; lastKnownFileType = text.plist.xml; path = Info.plist; sourceTree = "<group>"; };
		B446ADD21A1A7713007F3CD7 /* AppDelegate.swift */ = {isa = PBXFileReference; lastKnownFileType = sourcecode.swift; path = AppDelegate.swift; sourceTree = "<group>"; };
		B446ADD41A1A7713007F3CD7 /* ViewController.swift */ = {isa = PBXFileReference; lastKnownFileType = sourcecode.swift; path = ViewController.swift; sourceTree = "<group>"; };
		B446ADD71A1A7713007F3CD7 /* Base */ = {isa = PBXFileReference; lastKnownFileType = file.storyboard; name = Base; path = Base.lproj/Main.storyboard; sourceTree = "<group>"; };
		B446ADD91A1A7713007F3CD7 /* Images.xcassets */ = {isa = PBXFileReference; lastKnownFileType = folder.assetcatalog; path = Images.xcassets; sourceTree = "<group>"; };
		B446ADDC1A1A7713007F3CD7 /* Base */ = {isa = PBXFileReference; lastKnownFileType = file.xib; name = Base; path = Base.lproj/LaunchScreen.xib; sourceTree = "<group>"; };
		B446ADE21A1A7713007F3CD7 /* ThaiGuideAppTests.xctest */ = {isa = PBXFileReference; explicitFileType = wrapper.cfbundle; includeInIndex = 0; path = ThaiGuideAppTests.xctest; sourceTree = BUILT_PRODUCTS_DIR; };
		B446ADE71A1A7713007F3CD7 /* Info.plist */ = {isa = PBXFileReference; lastKnownFileType = text.plist.xml; path = Info.plist; sourceTree = "<group>"; };
		B446ADE81A1A7713007F3CD7 /* ThaiGuideAppTests.swift */ = {isa = PBXFileReference; lastKnownFileType = sourcecode.swift; path = ThaiGuideAppTests.swift; sourceTree = "<group>"; };
		B446ADF21A1A79C4007F3CD7 /* SideBarTableViewController.swift */ = {isa = PBXFileReference; fileEncoding = 4; lastKnownFileType = sourcecode.swift; path = SideBarTableViewController.swift; sourceTree = "<group>"; };
		B446ADF41A1A82F6007F3CD7 /* SideBar.swift */ = {isa = PBXFileReference; fileEncoding = 4; lastKnownFileType = sourcecode.swift; path = SideBar.swift; sourceTree = "<group>"; };
/* End PBXFileReference section */

/* Begin PBXFrameworksBuildPhase section */
		B446ADCA1A1A7713007F3CD7 /* Frameworks */ = {
			isa = PBXFrameworksBuildPhase;
			buildActionMask = 2147483647;
			files = (
			);
			runOnlyForDeploymentPostprocessing = 0;
		};
		B446ADDF1A1A7713007F3CD7 /* Frameworks */ = {
			isa = PBXFrameworksBuildPhase;
			buildActionMask = 2147483647;
			files = (
			);
			runOnlyForDeploymentPostprocessing = 0;
		};
/* End PBXFrameworksBuildPhase section */

/* Begin PBXGroup section */
		B446ADC41A1A7713007F3CD7 = {
			isa = PBXGroup;
			children = (
				B446ADCF1A1A7713007F3CD7 /* ThaiGuideApp */,
				B446ADE51A1A7713007F3CD7 /* ThaiGuideAppTests */,
				B446ADCE1A1A7713007F3CD7 /* Products */,
			);
			sourceTree = "<group>";
		};
		B446ADCE1A1A7713007F3CD7 /* Products */ = {
			isa = PBXGroup;
			children = (
				B446ADCD1A1A7713007F3CD7 /* ThaiGuideApp.app */,
				B446ADE21A1A7713007F3CD7 /* ThaiGuideAppTests.xctest */,
			);
			name = Products;
			sourceTree = "<group>";
		};
		B446ADCF1A1A7713007F3CD7 /* ThaiGuideApp */ = {
			isa = PBXGroup;
			children = (
				B446ADD21A1A7713007F3CD7 /* AppDelegate.swift */,
				B446ADD41A1A7713007F3CD7 /* ViewController.swift */,
				B446ADF21A1A79C4007F3CD7 /* SideBarTableViewController.swift */,
				B446ADF41A1A82F6007F3CD7 /* SideBar.swift */,
				B446ADD61A1A7713007F3CD7 /* Main.storyboard */,
				B446ADD91A1A7713007F3CD7 /* Images.xcassets */,
				B446ADDB1A1A7713007F3CD7 /* LaunchScreen.xib */,
				B446ADD01A1A7713007F3CD7 /* Supporting Files */,
			);
			path = ThaiGuideApp;
			sourceTree = "<group>";
		};
		B446ADD01A1A7713007F3CD7 /* Supporting Files */ = {
			isa = PBXGroup;
			children = (
				B446ADD11A1A7713007F3CD7 /* Info.plist */,
			);
			name = "Supporting Files";
			sourceTree = "<group>";
		};
		B446ADE51A1A7713007F3CD7 /* ThaiGuideAppTests */ = {
			isa = PBXGroup;
			children = (
				B446ADE81A1A7713007F3CD7 /* ThaiGuideAppTests.swift */,
				B446ADE61A1A7713007F3CD7 /* Supporting Files */,
			);
			path = ThaiGuideAppTests;
			sourceTree = "<group>";
		};
		B446ADE61A1A7713007F3CD7 /* Supporting Files */ = {
			isa = PBXGroup;
			children = (
				B446ADE71A1A7713007F3CD7 /* Info.plist */,
			);
			name = "Supporting Files";
			sourceTree = "<group>";
		};
/* End PBXGroup section */

/* Begin PBXNativeTarget section */
		B446ADCC1A1A7713007F3CD7 /* ThaiGuideApp */ = {
			isa = PBXNativeTarget;
			buildConfigurationList = B446ADEC1A1A7713007F3CD7 /* Build configuration list for PBXNativeTarget "ThaiGuideApp" */;
			buildPhases = (
				B446ADC91A1A7713007F3CD7 /* Sources */,
				B446ADCA1A1A7713007F3CD7 /* Frameworks */,
				B446ADCB1A1A7713007F3CD7 /* Resources */,
			);
			buildRules = (
			);
			dependencies = (
			);
			name = ThaiGuideApp;
			productName = ThaiGuideApp;
			productReference = B446ADCD1A1A7713007F3CD7 /* ThaiGuideApp.app */;
			productType = "com.apple.product-type.application";
		};
		B446ADE11A1A7713007F3CD7 /* ThaiGuideAppTests */ = {
			isa = PBXNativeTarget;
			buildConfigurationList = B446ADEF1A1A7713007F3CD7 /* Build configuration list for PBXNativeTarget "ThaiGuideAppTests" */;
			buildPhases = (
				B446ADDE1A1A7713007F3CD7 /* Sources */,
				B446ADDF1A1A7713007F3CD7 /* Frameworks */,
				B446ADE01A1A7713007F3CD7 /* Resources */,
			);
			buildRules = (
			);
			dependencies = (
				B446ADE41A1A7713007F3CD7 /* PBXTargetDependency */,
			);
			name = ThaiGuideAppTests;
			productName = ThaiGuideAppTests;
			productReference = B446ADE21A1A7713007F3CD7 /* ThaiGuideAppTests.xctest */;
			productType = "com.apple.product-type.bundle.unit-test";
		};
/* End PBXNativeTarget section */

/* Begin PBXProject section */
		B446ADC51A1A7713007F3CD7 /* Project object */ = {
			isa = PBXProject;
			attributes = {
				LastUpgradeCheck = 0600;
				ORGANIZATIONNAME = "Thai Buddy Guides";
				TargetAttributes = {
					B446ADCC1A1A7713007F3CD7 = {
						CreatedOnToolsVersion = 6.0.1;
					};
					B446ADE11A1A7713007F3CD7 = {
						CreatedOnToolsVersion = 6.0.1;
						TestTargetID = B446ADCC1A1A7713007F3CD7;
					};
				};
			};
			buildConfigurationList = B446ADC81A1A7713007F3CD7 /* Build configuration list for PBXProject "ThaiGuideApp" */;
			compatibilityVersion = "Xcode 3.2";
			developmentRegion = English;
			hasScannedForEncodings = 0;
			knownRegions = (
				en,
				Base,
			);
			mainGroup = B446ADC41A1A7713007F3CD7;
			productRefGroup = B446ADCE1A1A7713007F3CD7 /* Products */;
			projectDirPath = "";
			projectRoot = "";
			targets = (
				B446ADCC1A1A7713007F3CD7 /* ThaiGuideApp */,
				B446ADE11A1A7713007F3CD7 /* ThaiGuideAppTests */,
			);
		};
/* End PBXProject section */

/* Begin PBXResourcesBuildPhase section */
		B446ADCB1A1A7713007F3CD7 /* Resources */ = {
			isa = PBXResourcesBuildPhase;
			buildActionMask = 2147483647;
			files = (
				B446ADD81A1A7713007F3CD7 /* Main.storyboard in Resources */,
				B446ADDD1A1A7713007F3CD7 /* LaunchScreen.xib in Resources */,
				B446ADDA1A1A7713007F3CD7 /* Images.xcassets in Resources */,
			);
			runOnlyForDeploymentPostprocessing = 0;
		};
		B446ADE01A1A7713007F3CD7 /* Resources */ = {
			isa = PBXResourcesBuildPhase;
			buildActionMask = 2147483647;
			files = (
			);
			runOnlyForDeploymentPostprocessing = 0;
		};
/* End PBXResourcesBuildPhase section */

/* Begin PBXSourcesBuildPhase section */
		B446ADC91A1A7713007F3CD7 /* Sources */ = {
			isa = PBXSourcesBuildPhase;
			buildActionMask = 2147483647;
			files = (
				B446ADD51A1A7713007F3CD7 /* ViewController.swift in Sources */,
				B446ADF31A1A79C4007F3CD7 /* SideBarTableViewController.swift in Sources */,
				B446ADF51A1A82F6007F3CD7 /* SideBar.swift in Sources */,
				B446ADD31A1A7713007F3CD7 /* AppDelegate.swift in Sources */,
			);
			runOnlyForDeploymentPostprocessing = 0;
		};
		B446ADDE1A1A7713007F3CD7 /* Sources */ = {
			isa = PBXSourcesBuildPhase;
			buildActionMask = 2147483647;
			files = (
				B446ADE91A1A7713007F3CD7 /* ThaiGuideAppTests.swift in Sources */,
			);
			runOnlyForDeploymentPostprocessing = 0;
		};
/* End PBXSourcesBuildPhase section */

/* Begin PBXTargetDependency section */
		B446ADE41A1A7713007F3CD7 /* PBXTargetDependency */ = {
			isa = PBXTargetDependency;
			target = B446ADCC1A1A7713007F3CD7 /* ThaiGuideApp */;
			targetProxy = B446ADE31A1A7713007F3CD7 /* PBXContainerItemProxy */;
		};
/* End PBXTargetDependency section */

/* Begin PBXVariantGroup section */
		B446ADD61A1A7713007F3CD7 /* Main.storyboard */ = {
			isa = PBXVariantGroup;
			children = (
				B446ADD71A1A7713007F3CD7 /* Base */,
			);
			name = Main.storyboard;
			sourceTree = "<group>";
		};
		B446ADDB1A1A7713007F3CD7 /* LaunchScreen.xib */ = {
			isa = PBXVariantGroup;
			children = (
				B446ADDC1A1A7713007F3CD7 /* Base */,
			);
			name = LaunchScreen.xib;
			sourceTree = "<group>";
		};
/* End PBXVariantGroup section */

/* Begin XCBuildConfiguration section */
		B446ADEA1A1A7713007F3CD7 /* Debug */ = {
			isa = XCBuildConfiguration;
			buildSettings = {
				ALWAYS_SEARCH_USER_PATHS = NO;
				CLANG_CXX_LANGUAGE_STANDARD = "gnu++0x";
				CLANG_CXX_LIBRARY = "libc++";
				CLANG_ENABLE_MODULES = YES;
				CLANG_ENABLE_OBJC_ARC = YES;
				CLANG_WARN_BOOL_CONVERSION = YES;
				CLANG_WARN_CONSTANT_CONVERSION = YES;
				CLANG_WARN_DIRECT_OBJC_ISA_USAGE = YES_ERROR;
				CLANG_WARN_EMPTY_BODY = YES;
				CLANG_WARN_ENUM_CONVERSION = YES;
				CLANG_WARN_INT_CONVERSION = YES;
				CLANG_WARN_OBJC_ROOT_CLASS = YES_ERROR;
				CLANG_WARN_UNREACHABLE_CODE = YES;
				CLANG_WARN__DUPLICATE_METHOD_MATCH = YES;
				"CODE_SIGN_IDENTITY[sdk=iphoneos*]" = "iPhone Developer";
				COPY_PHASE_STRIP = NO;
				ENABLE_STRICT_OBJC_MSGSEND = YES;
				GCC_C_LANGUAGE_STANDARD = gnu99;
				GCC_DYNAMIC_NO_PIC = NO;
				GCC_OPTIMIZATION_LEVEL = 0;
				GCC_PREPROCESSOR_DEFINITIONS = (
					"DEBUG=1",
					"$(inherited)",
				);
				GCC_SYMBOLS_PRIVATE_EXTERN = NO;
				GCC_WARN_64_TO_32_BIT_CONVERSION = YES;
				GCC_WARN_ABOUT_RETURN_TYPE = YES_ERROR;
				GCC_WARN_UNDECLARED_SELECTOR = YES;
				GCC_WARN_UNINITIALIZED_AUTOS = YES_AGGRESSIVE;
				GCC_WARN_UNUSED_FUNCTION = YES;
				GCC_WARN_UNUSED_VARIABLE = YES;
				IPHONEOS_DEPLOYMENT_TARGET = 8.0;
				MTL_ENABLE_DEBUG_INFO = YES;
				ONLY_ACTIVE_ARCH = YES;
				SDKROOT = iphoneos;
				SWIFT_OPTIMIZATION_LEVEL = "-Onone";
			};
			name = Debug;
		};
		B446ADEB1A1A7713007F3CD7 /* Release */ = {
			isa = XCBuildConfiguration;
			buildSettings = {
				ALWAYS_SEARCH_USER_PATHS = NO;
				CLANG_CXX_LANGUAGE_STANDARD = "gnu++0x";
				CLANG_CXX_LIBRARY = "libc++";
				CLANG_ENABLE_MODULES = YES;
				CLANG_ENABLE_OBJC_ARC = YES;
				CLANG_WARN_BOOL_CONVERSION = YES;
				CLANG_WARN_CONSTANT_CONVERSION = YES;
				CLANG_WARN_DIRECT_OBJC_ISA_USAGE = YES_ERROR;
				CLANG_WARN_EMPTY_BODY = YES;
				CLANG_WARN_ENUM_CONVERSION = YES;
				CLANG_WARN_INT_CONVERSION = YES;
				CLANG_WARN_OBJC_ROOT_CLASS = YES_ERROR;
				CLANG_WARN_UNREACHABLE_CODE = YES;
				CLANG_WARN__DUPLICATE_METHOD_MATCH = YES;
				"CODE_SIGN_IDENTITY[sdk=iphoneos*]" = "iPhone Developer";
				COPY_PHASE_STRIP = YES;
				ENABLE_NS_ASSERTIONS = NO;
				ENABLE_STRICT_OBJC_MSGSEND = YES;
				GCC_C_LANGUAGE_STANDARD = gnu99;
				GCC_WARN_64_TO_32_BIT_CONVERSION = YES;
				GCC_WARN_ABOUT_RETURN_TYPE = YES_ERROR;
				GCC_WARN_UNDECLARED_SELECTOR = YES;
				GCC_WARN_UNINITIALIZED_AUTOS = YES_AGGRESSIVE;
				GCC_WARN_UNUSED_FUNCTION = YES;
				GCC_WARN_UNUSED_VARIABLE = YES;
				IPHONEOS_DEPLOYMENT_TARGET = 8.0;
				MTL_ENABLE_DEBUG_INFO = NO;
				SDKROOT = iphoneos;
				VALIDATE_PRODUCT = YES;
			};
			name = Release;
		};
		B446ADED1A1A7713007F3CD7 /* Debug */ = {
			isa = XCBuildConfiguration;
			buildSettings = {
				ASSETCATALOG_COMPILER_APPICON_NAME = AppIcon;
				INFOPLIST_FILE = ThaiGuideApp/Info.plist;
				LD_RUNPATH_SEARCH_PATHS = "$(inherited) @executable_path/Frameworks";
				PRODUCT_NAME = "$(TARGET_NAME)";
			};
			name = Debug;
		};
		B446ADEE1A1A7713007F3CD7 /* Release */ = {
			isa = XCBuildConfiguration;
			buildSettings = {
				ASSETCATALOG_COMPILER_APPICON_NAME = AppIcon;
				INFOPLIST_FILE = ThaiGuideApp/Info.plist;
				LD_RUNPATH_SEARCH_PATHS = "$(inherited) @executable_path/Frameworks";
				PRODUCT_NAME = "$(TARGET_NAME)";
			};
			name = Release;
		};
		B446ADF01A1A7713007F3CD7 /* Debug */ = {
			isa = XCBuildConfiguration;
			buildSettings = {
				BUNDLE_LOADER = "$(TEST_HOST)";
				FRAMEWORK_SEARCH_PATHS = (
					"$(SDKROOT)/Developer/Library/Frameworks",
					"$(inherited)",
				);
				GCC_PREPROCESSOR_DEFINITIONS = (
					"DEBUG=1",
					"$(inherited)",
				);
				INFOPLIST_FILE = ThaiGuideAppTests/Info.plist;
				LD_RUNPATH_SEARCH_PATHS = "$(inherited) @executable_path/Frameworks @loader_path/Frameworks";
				PRODUCT_NAME = "$(TARGET_NAME)";
				TEST_HOST = "$(BUILT_PRODUCTS_DIR)/ThaiGuideApp.app/ThaiGuideApp";
			};
			name = Debug;
		};
		B446ADF11A1A7713007F3CD7 /* Release */ = {
			isa = XCBuildConfiguration;
			buildSettings = {
				BUNDLE_LOADER = "$(TEST_HOST)";
				FRAMEWORK_SEARCH_PATHS = (
					"$(SDKROOT)/Developer/Library/Frameworks",
					"$(inherited)",
				);
				INFOPLIST_FILE = ThaiGuideAppTests/Info.plist;
				LD_RUNPATH_SEARCH_PATHS = "$(inherited) @executable_path/Frameworks @loader_path/Frameworks";
				PRODUCT_NAME = "$(TARGET_NAME)";
				TEST_HOST = "$(BUILT_PRODUCTS_DIR)/ThaiGuideApp.app/ThaiGuideApp";
			};
			name = Release;
		};
/* End XCBuildConfiguration section */

/* Begin XCConfigurationList section */
		B446ADC81A1A7713007F3CD7 /* Build configuration list for PBXProject "ThaiGuideApp" */ = {
			isa = XCConfigurationList;
			buildConfigurations = (
				B446ADEA1A1A7713007F3CD7 /* Debug */,
				B446ADEB1A1A7713007F3CD7 /* Release */,
			);
			defaultConfigurationIsVisible = 0;
			defaultConfigurationName = Release;
		};
		B446ADEC1A1A7713007F3CD7 /* Build configuration list for PBXNativeTarget "ThaiGuideApp" */ = {
			isa = XCConfigurationList;
			buildConfigurations = (
				B446ADED1A1A7713007F3CD7 /* Debug */,
				B446ADEE1A1A7713007F3CD7 /* Release */,
			);
			defaultConfigurationIsVisible = 0;
		};
		B446ADEF1A1A7713007F3CD7 /* Build configuration list for PBXNativeTarget "ThaiGuideAppTests" */ = {
			isa = XCConfigurationList;
			buildConfigurations = (
				B446ADF01A1A7713007F3CD7 /* Debug */,
				B446ADF11A1A7713007F3CD7 /* Release */,
			);
			defaultConfigurationIsVisible = 0;
		};
/* End XCConfigurationList section */
	};
	rootObject = B446ADC51A1A7713007F3CD7 /* Project object */;
}
